
Microsoft Visual Studio Solution File, Format Version 12.00
# Visual Studio 15
VisualStudioVersion = 15.0.28010.2048
MinimumVisualStudioVersion = 10.0.40219.1
Project("{FAE04EC0-301F-11D3-BF4B-00C04F79EFBC}") = "TestGenerator.UserInterface", "MatrixTransposition.UserInterface\TestGenerator.UserInterface.csproj", "{F5139A95-D4BC-4843-B81B-75DCC0B7607D}"
EndProject
Global
	GlobalSection(SolutionConfigurationPlatforms) = preSolution
		Debug|Any CPU = Debug|Any CPU
		Debug|x64 = Debug|x64
		Debug|x86 = Debug|x86
		Release|Any CPU = Release|Any CPU
		Release|x64 = Release|x64
		Release|x86 = Release|x86
	EndGlobalSection
	GlobalSection(ProjectConfigurationPlatforms) = postSolution
		{F5139A95-D4BC-4843-B81B-75DCC0B7607D}.Debug|Any CPU.ActiveCfg = Debug|Any CPU
		{F5139A95-D4BC-4843-B81B-75DCC0B7607D}.Debug|Any CPU.Build.0 = Debug|Any CPU
		{F5139A95-D4BC-4843-B81B-75DCC0B7607D}.Debug|x64.ActiveCfg = Debug|Any CPU
		{F5139A95-D4BC-4843-B81B-75DCC0B7607D}.Debug|x64.Build.0 = Debug|Any CPU
		{F5139A95-D4BC-4843-B81B-75DCC0B7607D}.Debug|x86.ActiveCfg = Debug|Any CPU
		{F5139A95-D4BC-4843-B81B-75DCC0B7607D}.Debug|x86.Build.0 = Debug|Any CPU
		{F5139A95-D4BC-4843-B81B-75DCC0B7607D}.Release|Any CPU.ActiveCfg = Debug|Any CPU
		{F5139A95-D4BC-4843-B81B-75DCC0B7607D}.Release|Any CPU.Build.0 = Debug|Any CPU
		{F5139A95-D4BC-4843-B81B-75DCC0B7607D}.Release|x64.ActiveCfg = Release|Any CPU
		{F5139A95-D4BC-4843-B81B-75DCC0B7607D}.Release|x64.Build.0 = Release|Any CPU
		{F5139A95-D4BC-4843-B81B-75DCC0B7607D}.Release|x86.ActiveCfg = Release|Any CPU
		{F5139A95-D4BC-4843-B81B-75DCC0B7607D}.Release|x86.Build.0 = Release|Any CPU
	EndGlobalSection
	GlobalSection(SolutionProperties) = preSolution
		HideSolutionNode = FALSE
	EndGlobalSection
	GlobalSection(ExtensibilityGlobals) = postSolution
		SolutionGuid = {B4932A0A-9DB1-4DEA-BE99-93D17FE0D9E9}
	EndGlobalSection
EndGlobal
